
Microsoft Visual Studio Solution File, Format Version 12.00
# Visual Studio 15
VisualStudioVersion = 15.0.28307.1585
MinimumVisualStudioVersion = 10.0.40219.1
Project("{FAE04EC0-301F-11D3-BF4B-00C04F79EFBC}") = "ET200SP", "ET200SP\ET200SP.csproj", "{27E3255B-C73E-4869-96AC-F7AAD4110073}"
EndProject
Global
	GlobalSection(SolutionConfigurationPlatforms) = preSolution
		Debug|Any CPU = Debug|Any CPU
		Release|Any CPU = Release|Any CPU
	EndGlobalSection
	GlobalSection(ProjectConfigurationPlatforms) = postSolution
		{27E3255B-C73E-4869-96AC-F7AAD4110073}.Debug|Any CPU.ActiveCfg = Debug|Any CPU
		{27E3255B-C73E-4869-96AC-F7AAD4110073}.Debug|Any CPU.Build.0 = Debug|Any CPU
		{27E3255B-C73E-4869-96AC-F7AAD4110073}.Release|Any CPU.ActiveCfg = Release|Any CPU
		{27E3255B-C73E-4869-96AC-F7AAD4110073}.Release|Any CPU.Build.0 = Release|Any CPU
	EndGlobalSection
	GlobalSection(SolutionProperties) = preSolution
		HideSolutionNode = FALSE
	EndGlobalSection
	GlobalSection(ExtensibilityGlobals) = postSolution
		SolutionGuid = {A3342B09-3D04-4711-9797-FDAA43352013}
	EndGlobalSection
EndGlobal
